
Microsoft Visual Studio Solution File, Format Version 12.00
# Visual Studio Version 16
VisualStudioVersion = 16.0.29503.13
MinimumVisualStudioVersion = 10.0.40219.1
Project("{FAE04EC0-301F-11D3-BF4B-00C04F79EFBC}") = "Test_2", "Test_2\Test_2.csproj", "{4731937C-2CAB-4DF2-A814-A29B43BFCAFF}"
EndProject
Global
	GlobalSection(SolutionConfigurationPlatforms) = preSolution
		Debug|Any CPU = Debug|Any CPU
		Release|Any CPU = Release|Any CPU
	EndGlobalSection
	GlobalSection(ProjectConfigurationPlatforms) = postSolution
		{4731937C-2CAB-4DF2-A814-A29B43BFCAFF}.Debug|Any CPU.ActiveCfg = Debug|Any CPU
		{4731937C-2CAB-4DF2-A814-A29B43BFCAFF}.Debug|Any CPU.Build.0 = Debug|Any CPU
		{4731937C-2CAB-4DF2-A814-A29B43BFCAFF}.Release|Any CPU.ActiveCfg = Release|Any CPU
		{4731937C-2CAB-4DF2-A814-A29B43BFCAFF}.Release|Any CPU.Build.0 = Release|Any CPU
	EndGlobalSection
	GlobalSection(SolutionProperties) = preSolution
		HideSolutionNode = FALSE
	EndGlobalSection
	GlobalSection(ExtensibilityGlobals) = postSolution
		SolutionGuid = {52A478C7-68D7-470F-BD31-06648F6284EA}
	EndGlobalSection
EndGlobal
